
Microsoft Visual Studio Solution File, Format Version 12.00
# Visual Studio Version 16
VisualStudioVersion = 16.0.31515.178
MinimumVisualStudioVersion = 10.0.40219.1
Project("{FAE04EC0-301F-11D3-BF4B-00C04F79EFBC}") = "SerialDefender", "SerialDefender\SerialDefender.csproj", "{21A02C46-A073-4884-A8C3-F8A674C2B77D}"
EndProject
Global
	GlobalSection(SolutionConfigurationPlatforms) = preSolution
		Debug|Any CPU = Debug|Any CPU
		Release|Any CPU = Release|Any CPU
	EndGlobalSection
	GlobalSection(ProjectConfigurationPlatforms) = postSolution
		{21A02C46-A073-4884-A8C3-F8A674C2B77D}.Debug|Any CPU.ActiveCfg = Debug|Any CPU
		{21A02C46-A073-4884-A8C3-F8A674C2B77D}.Debug|Any CPU.Build.0 = Debug|Any CPU
		{21A02C46-A073-4884-A8C3-F8A674C2B77D}.Release|Any CPU.ActiveCfg = Release|Any CPU
		{21A02C46-A073-4884-A8C3-F8A674C2B77D}.Release|Any CPU.Build.0 = Release|Any CPU
	EndGlobalSection
	GlobalSection(SolutionProperties) = preSolution
		HideSolutionNode = FALSE
	EndGlobalSection
	GlobalSection(ExtensibilityGlobals) = postSolution
		SolutionGuid = {D9E25E69-3236-49A8-A26E-08F8BE6481FB}
	EndGlobalSection
EndGlobal
